
Microsoft Visual Studio Solution File, Format Version 12.00
# Visual Studio Version 17
VisualStudioVersion = 17.9.34607.119
MinimumVisualStudioVersion = 10.0.40219.1
Project("{FAE04EC0-301F-11D3-BF4B-00C04F79EFBC}") = "webApplicationDemo", "webApplicationDemo\webApplicationDemo.csproj", "{891F3900-1FC5-42BC-8F70-41E6AF2BC6BF}"
EndProject
Global
	GlobalSection(SolutionConfigurationPlatforms) = preSolution
		Debug|Any CPU = Debug|Any CPU
		Release|Any CPU = Release|Any CPU
	EndGlobalSection
	GlobalSection(ProjectConfigurationPlatforms) = postSolution
		{891F3900-1FC5-42BC-8F70-41E6AF2BC6BF}.Debug|Any CPU.ActiveCfg = Debug|Any CPU
		{891F3900-1FC5-42BC-8F70-41E6AF2BC6BF}.Debug|Any CPU.Build.0 = Debug|Any CPU
		{891F3900-1FC5-42BC-8F70-41E6AF2BC6BF}.Release|Any CPU.ActiveCfg = Release|Any CPU
		{891F3900-1FC5-42BC-8F70-41E6AF2BC6BF}.Release|Any CPU.Build.0 = Release|Any CPU
	EndGlobalSection
	GlobalSection(SolutionProperties) = preSolution
		HideSolutionNode = FALSE
	EndGlobalSection
	GlobalSection(ExtensibilityGlobals) = postSolution
		SolutionGuid = {322AE5D5-4844-4470-8FA7-9BAB09143D25}
	EndGlobalSection
EndGlobal
